# THIS IS AN AUTOGENERATED FILE. DO NOT EDIT THIS FILE DIRECTLY.
# yarn lockfile v1


gatsby-disable-404@^0.2.1:
  version "0.2.1"
  resolved "https://registry.yarnpkg.com/gatsby-disable-404/-/gatsby-disable-404-0.2.1.tgz#27b1112c4bbc42078043218be48fa42abd9cbd3f"
  integrity sha512-P7A4mZH+RTNKkMEOaF9TzlqCI4/3Nautym3bbC8AbTGBgd1TbnH7c//St/EAtt6zWg7Z/+XSwlnBQF84QxfFtg==
